
Microsoft Visual Studio Solution File, Format Version 12.00
# Visual Studio 15
VisualStudioVersion = 15.0.26124.0
MinimumVisualStudioVersion = 15.0.26124.0
Project("{2150E333-8FDC-42A3-9474-1A3956D46DE8}") = "test", "test", "{1518D8B6-605F-4D96-8BDF-42433710E251}"
EndProject
Project("{FAE04EC0-301F-11D3-BF4B-00C04F79EFBC}") = "BowlingGame.Tests", "test\BowlingGame.Tests\BowlingGame.Tests.csproj", "{423F3035-3F61-46EE-AA3C-775D2DDAC3BE}"
EndProject
Project("{2150E333-8FDC-42A3-9474-1A3956D46DE8}") = "src", "src", "{41890B22-9D02-4540-85D3-40C28D6E1C04}"
EndProject
Project("{FAE04EC0-301F-11D3-BF4B-00C04F79EFBC}") = "BowlingGame", "src\BowlingGame\BowlingGame.csproj", "{0DA28FA4-6026-4073-97CB-0FDCC3940949}"
EndProject
Global
	GlobalSection(SolutionConfigurationPlatforms) = preSolution
		Debug|Any CPU = Debug|Any CPU
		Debug|x64 = Debug|x64
		Debug|x86 = Debug|x86
		Release|Any CPU = Release|Any CPU
		Release|x64 = Release|x64
		Release|x86 = Release|x86
	EndGlobalSection
	GlobalSection(SolutionProperties) = preSolution
		HideSolutionNode = FALSE
	EndGlobalSection
	GlobalSection(ProjectConfigurationPlatforms) = postSolution
		{423F3035-3F61-46EE-AA3C-775D2DDAC3BE}.Debug|Any CPU.ActiveCfg = Debug|Any CPU
		{423F3035-3F61-46EE-AA3C-775D2DDAC3BE}.Debug|Any CPU.Build.0 = Debug|Any CPU
		{423F3035-3F61-46EE-AA3C-775D2DDAC3BE}.Debug|x64.ActiveCfg = Debug|Any CPU
		{423F3035-3F61-46EE-AA3C-775D2DDAC3BE}.Debug|x64.Build.0 = Debug|Any CPU
		{423F3035-3F61-46EE-AA3C-775D2DDAC3BE}.Debug|x86.ActiveCfg = Debug|Any CPU
		{423F3035-3F61-46EE-AA3C-775D2DDAC3BE}.Debug|x86.Build.0 = Debug|Any CPU
		{423F3035-3F61-46EE-AA3C-775D2DDAC3BE}.Release|Any CPU.ActiveCfg = Release|Any CPU
		{423F3035-3F61-46EE-AA3C-775D2DDAC3BE}.Release|Any CPU.Build.0 = Release|Any CPU
		{423F3035-3F61-46EE-AA3C-775D2DDAC3BE}.Release|x64.ActiveCfg = Release|Any CPU
		{423F3035-3F61-46EE-AA3C-775D2DDAC3BE}.Release|x64.Build.0 = Release|Any CPU
		{423F3035-3F61-46EE-AA3C-775D2DDAC3BE}.Release|x86.ActiveCfg = Release|Any CPU
		{423F3035-3F61-46EE-AA3C-775D2DDAC3BE}.Release|x86.Build.0 = Release|Any CPU
		{0DA28FA4-6026-4073-97CB-0FDCC3940949}.Debug|Any CPU.ActiveCfg = Debug|Any CPU
		{0DA28FA4-6026-4073-97CB-0FDCC3940949}.Debug|Any CPU.Build.0 = Debug|Any CPU
		{0DA28FA4-6026-4073-97CB-0FDCC3940949}.Debug|x64.ActiveCfg = Debug|Any CPU
		{0DA28FA4-6026-4073-97CB-0FDCC3940949}.Debug|x64.Build.0 = Debug|Any CPU
		{0DA28FA4-6026-4073-97CB-0FDCC3940949}.Debug|x86.ActiveCfg = Debug|Any CPU
		{0DA28FA4-6026-4073-97CB-0FDCC3940949}.Debug|x86.Build.0 = Debug|Any CPU
		{0DA28FA4-6026-4073-97CB-0FDCC3940949}.Release|Any CPU.ActiveCfg = Release|Any CPU
		{0DA28FA4-6026-4073-97CB-0FDCC3940949}.Release|Any CPU.Build.0 = Release|Any CPU
		{0DA28FA4-6026-4073-97CB-0FDCC3940949}.Release|x64.ActiveCfg = Release|Any CPU
		{0DA28FA4-6026-4073-97CB-0FDCC3940949}.Release|x64.Build.0 = Release|Any CPU
		{0DA28FA4-6026-4073-97CB-0FDCC3940949}.Release|x86.ActiveCfg = Release|Any CPU
		{0DA28FA4-6026-4073-97CB-0FDCC3940949}.Release|x86.Build.0 = Release|Any CPU
	EndGlobalSection
	GlobalSection(NestedProjects) = preSolution
		{423F3035-3F61-46EE-AA3C-775D2DDAC3BE} = {1518D8B6-605F-4D96-8BDF-42433710E251}
		{0DA28FA4-6026-4073-97CB-0FDCC3940949} = {41890B22-9D02-4540-85D3-40C28D6E1C04}
	EndGlobalSection
EndGlobal
